
Microsoft Visual Studio Solution File, Format Version 12.00
# Visual Studio 15
VisualStudioVersion = 15.0.27004.2009
MinimumVisualStudioVersion = 10.0.40219.1
Project("{FAE04EC0-301F-11D3-BF4B-00C04F79EFBC}") = "GameStoreWcfRest", "GameStoreWcfRest\GameStoreWcfRest.csproj", "{4FDFD1B0-BAE0-4716-B1C2-1A57D99B7BEB}"
EndProject
Project("{FAE04EC0-301F-11D3-BF4B-00C04F79EFBC}") = "GameStorelibrary", "GameStorelibrary\GameStorelibrary.csproj", "{C065B736-1772-4377-83FE-71D7F2ABF979}"
EndProject
Global
	GlobalSection(SolutionConfigurationPlatforms) = preSolution
		Debug|Any CPU = Debug|Any CPU
		Release|Any CPU = Release|Any CPU
	EndGlobalSection
	GlobalSection(ProjectConfigurationPlatforms) = postSolution
		{4FDFD1B0-BAE0-4716-B1C2-1A57D99B7BEB}.Debug|Any CPU.ActiveCfg = Debug|Any CPU
		{4FDFD1B0-BAE0-4716-B1C2-1A57D99B7BEB}.Debug|Any CPU.Build.0 = Debug|Any CPU
		{4FDFD1B0-BAE0-4716-B1C2-1A57D99B7BEB}.Release|Any CPU.ActiveCfg = Release|Any CPU
		{4FDFD1B0-BAE0-4716-B1C2-1A57D99B7BEB}.Release|Any CPU.Build.0 = Release|Any CPU
		{C065B736-1772-4377-83FE-71D7F2ABF979}.Debug|Any CPU.ActiveCfg = Debug|Any CPU
		{C065B736-1772-4377-83FE-71D7F2ABF979}.Debug|Any CPU.Build.0 = Debug|Any CPU
		{C065B736-1772-4377-83FE-71D7F2ABF979}.Release|Any CPU.ActiveCfg = Release|Any CPU
		{C065B736-1772-4377-83FE-71D7F2ABF979}.Release|Any CPU.Build.0 = Release|Any CPU
	EndGlobalSection
	GlobalSection(SolutionProperties) = preSolution
		HideSolutionNode = FALSE
	EndGlobalSection
	GlobalSection(ExtensibilityGlobals) = postSolution
		SolutionGuid = {3A9E582E-15AD-4F59-B5BE-C345480A2A87}
	EndGlobalSection
EndGlobal
